// !$*UTF8*$!
{
	archiveVersion = 1;
	classes = {
	};
	objectVersion = 46;
	objects = {

/* Begin PBXBuildFile section */
		1FACF87C97D68F953ECE365C /* libPods-BaseProject.a in Frameworks */ = {isa = PBXBuildFile; fileRef = 5EAAD623A23724C816F8DC02 /* libPods-BaseProject.a */; };
		3879FE811BDFA8E100A99990 /* libsqlite3.0.tbd in Frameworks */ = {isa = PBXBuildFile; fileRef = 3879FE801BDFA8E100A99990 /* libsqlite3.0.tbd */; };
		38AC6F541BE2168000921D10 /* AVFoundation.framework in Frameworks */ = {isa = PBXBuildFile; fileRef = 38AC6F531BE2168000921D10 /* AVFoundation.framework */; };
		C34852F81BE75CCD00C5C3B9 /* main.m in Sources */ = {isa = PBXBuildFile; fileRef = C34852D71BE75CCD00C5C3B9 /* main.m */; };
		C34852F91BE75CCD00C5C3B9 /* Main.storyboard in Resources */ = {isa = PBXBuildFile; fileRef = C34852D81BE75CCD00C5C3B9 /* Main.storyboard */; };
		C34852FA1BE75CCD00C5C3B9 /* AppDelegate.m in Sources */ = {isa = PBXBuildFile; fileRef = C34852DB1BE75CCD00C5C3B9 /* AppDelegate.m */; };
		C34852FB1BE75CCD00C5C3B9 /* Assets.xcassets in Resources */ = {isa = PBXBuildFile; fileRef = C34852DC1BE75CCD00C5C3B9 /* Assets.xcassets */; };
		C34852FC1BE75CCD00C5C3B9 /* AppDelegate+Category.m in Sources */ = {isa = PBXBuildFile; fileRef = C34852DF1BE75CCD00C5C3B9 /* AppDelegate+Category.m */; };
		C34852FD1BE75CCD00C5C3B9 /* NSObject+Common (macPro).m in Sources */ = {isa = PBXBuildFile; fileRef = C34852E01BE75CCD00C5C3B9 /* NSObject+Common (macPro).m */; };
		C34852FE1BE75CCD00C5C3B9 /* NSObject+Common.m in Sources */ = {isa = PBXBuildFile; fileRef = C34852E21BE75CCD00C5C3B9 /* NSObject+Common.m */; };
		C34852FF1BE75CCD00C5C3B9 /* NSString+PJR.m in Sources */ = {isa = PBXBuildFile; fileRef = C34852E41BE75CCD00C5C3B9 /* NSString+PJR.m */; };
		C34853001BE75CCD00C5C3B9 /* NSString+QRCode.m in Sources */ = {isa = PBXBuildFile; fileRef = C34852E61BE75CCD00C5C3B9 /* NSString+QRCode.m */; };
		C34853021BE75CCD00C5C3B9 /* LaunchScreen.xib in Resources */ = {isa = PBXBuildFile; fileRef = C34852EA1BE75CCD00C5C3B9 /* LaunchScreen.xib */; };
		C34853081BE760FA00C5C3B9 /* Images.xcassets in Resources */ = {isa = PBXBuildFile; fileRef = C34853071BE760FA00C5C3B9 /* Images.xcassets */; };
		C34853591BE7617600C5C3B9 /* WRDiscoverViewController.m in Sources */ = {isa = PBXBuildFile; fileRef = C348530C1BE7617500C5C3B9 /* WRDiscoverViewController.m */; };
		C348535A1BE7617600C5C3B9 /* WRSearchBar.m in Sources */ = {isa = PBXBuildFile; fileRef = C34853111BE7617500C5C3B9 /* WRSearchBar.m */; };
		C348535B1BE7617600C5C3B9 /* WRHomeViewController.m in Sources */ = {isa = PBXBuildFile; fileRef = C34853161BE7617500C5C3B9 /* WRHomeViewController.m */; };
		C348535C1BE7617600C5C3B9 /* WROneViewController.m in Sources */ = {isa = PBXBuildFile; fileRef = C34853181BE7617500C5C3B9 /* WROneViewController.m */; };
		C348535D1BE7617600C5C3B9 /* StatusModel.m in Sources */ = {isa = PBXBuildFile; fileRef = C348531B1BE7617500C5C3B9 /* StatusModel.m */; };
		C348535E1BE7617600C5C3B9 /* StatusNetManager.m in Sources */ = {isa = PBXBuildFile; fileRef = C348531E1BE7617500C5C3B9 /* StatusNetManager.m */; };
		C348535F1BE7617600C5C3B9 /* WROriginalView.m in Sources */ = {isa = PBXBuildFile; fileRef = C34853221BE7617500C5C3B9 /* WROriginalView.m */; };
		C34853601BE7617600C5C3B9 /* WRPhotosView.m in Sources */ = {isa = PBXBuildFile; fileRef = C34853241BE7617500C5C3B9 /* WRPhotosView.m */; };
		C34853611BE7617600C5C3B9 /* WRPhotoView.m in Sources */ = {isa = PBXBuildFile; fileRef = C34853261BE7617500C5C3B9 /* WRPhotoView.m */; };
		C34853621BE7617600C5C3B9 /* WRRetweetView.m in Sources */ = {isa = PBXBuildFile; fileRef = C34853281BE7617500C5C3B9 /* WRRetweetView.m */; };
		C34853631BE7617600C5C3B9 /* WRStatusToolView.m in Sources */ = {isa = PBXBuildFile; fileRef = C348532A1BE7617500C5C3B9 /* WRStatusToolView.m */; };
		C34853641BE7617600C5C3B9 /* StatusCell.m in Sources */ = {isa = PBXBuildFile; fileRef = C348532C1BE7617500C5C3B9 /* StatusCell.m */; };
		C34853651BE7617600C5C3B9 /* WRCover.m in Sources */ = {isa = PBXBuildFile; fileRef = C348532E1BE7617500C5C3B9 /* WRCover.m */; };
		C34853661BE7617600C5C3B9 /* WRPopMenu.m in Sources */ = {isa = PBXBuildFile; fileRef = C34853301BE7617500C5C3B9 /* WRPopMenu.m */; };
		C34853671BE7617600C5C3B9 /* WRTitleButton.m in Sources */ = {isa = PBXBuildFile; fileRef = C34853321BE7617500C5C3B9 /* WRTitleButton.m */; };
		C34853681BE7617600C5C3B9 /* StatusViewModel.m in Sources */ = {isa = PBXBuildFile; fileRef = C34853351BE7617500C5C3B9 /* StatusViewModel.m */; };
		C34853691BE7617600C5C3B9 /* WRStatusFrame.m in Sources */ = {isa = PBXBuildFile; fileRef = C34853371BE7617500C5C3B9 /* WRStatusFrame.m */; };
		C348536A1BE7617600C5C3B9 /* WRMessageViewController.m in Sources */ = {isa = PBXBuildFile; fileRef = C348533B1BE7617500C5C3B9 /* WRMessageViewController.m */; };
		C348536B1BE7617600C5C3B9 /* WRNewFeatureViewController.m in Sources */ = {isa = PBXBuildFile; fileRef = C34853431BE7617600C5C3B9 /* WRNewFeatureViewController.m */; };
		C348536C1BE7617600C5C3B9 /* WRNewFeatureCell.m in Sources */ = {isa = PBXBuildFile; fileRef = C34853481BE7617600C5C3B9 /* WRNewFeatureCell.m */; };
		C348536D1BE7617600C5C3B9 /* WRProfileViewController.m in Sources */ = {isa = PBXBuildFile; fileRef = C348534D1BE7617600C5C3B9 /* WRProfileViewController.m */; };
		C348536E1BE7617600C5C3B9 /* WRQAuthViewController.m in Sources */ = {isa = PBXBuildFile; fileRef = C34853551BE7617600C5C3B9 /* WRQAuthViewController.m */; };
		C34853941BE786FC00C5C3B9 /* NSDate+WR.m in Sources */ = {isa = PBXBuildFile; fileRef = C34853931BE786FC00C5C3B9 /* NSDate+WR.m */; };
		C34853971BE7874600C5C3B9 /* UIView+Extension.m in Sources */ = {isa = PBXBuildFile; fileRef = C34853961BE7874600C5C3B9 /* UIView+Extension.m */; };
		C348539A1BE7879000C5C3B9 /* UIImage+Extension.m in Sources */ = {isa = PBXBuildFile; fileRef = C34853991BE7879000C5C3B9 /* UIImage+Extension.m */; };
		C34853A81BE787C600C5C3B9 /* WRNavigationController.m in Sources */ = {isa = PBXBuildFile; fileRef = C348539D1BE787C600C5C3B9 /* WRNavigationController.m */; };
		C34853A91BE787C600C5C3B9 /* WRTabBarController.m in Sources */ = {isa = PBXBuildFile; fileRef = C348539F1BE787C600C5C3B9 /* WRTabBarController.m */; };
		C34853AA1BE787C600C5C3B9 /* WRBadgeView.m in Sources */ = {isa = PBXBuildFile; fileRef = C34853A21BE787C600C5C3B9 /* WRBadgeView.m */; };
		C34853AB1BE787C600C5C3B9 /* WRTabBar.m in Sources */ = {isa = PBXBuildFile; fileRef = C34853A41BE787C600C5C3B9 /* WRTabBar.m */; };
		C34853AC1BE787C600C5C3B9 /* WRTabBarButton.m in Sources */ = {isa = PBXBuildFile; fileRef = C34853A61BE787C600C5C3B9 /* WRTabBarButton.m */; };
		C34853C11BE7887C00C5C3B9 /* WRAccount.m in Sources */ = {isa = PBXBuildFile; fileRef = C34853B11BE7887C00C5C3B9 /* WRAccount.m */; };
		C34853C21BE7887C00C5C3B9 /* WRAccountTool.m in Sources */ = {isa = PBXBuildFile; fileRef = C34853B31BE7887C00C5C3B9 /* WRAccountTool.m */; };
		C34853C31BE7887C00C5C3B9 /* WRRootTool.m in Sources */ = {isa = PBXBuildFile; fileRef = C34853B81BE7887C00C5C3B9 /* WRRootTool.m */; };
		C34853C41BE7887C00C5C3B9 /* UserResult.m in Sources */ = {isa = PBXBuildFile; fileRef = C34853BD1BE7887C00C5C3B9 /* UserResult.m */; };
		C34853C51BE7887C00C5C3B9 /* WRUserTool.m in Sources */ = {isa = PBXBuildFile; fileRef = C34853BF1BE7887C00C5C3B9 /* WRUserTool.m */; };
		C34853C81BE788CC00C5C3B9 /* BaseModel.m in Sources */ = {isa = PBXBuildFile; fileRef = C34853C71BE788CC00C5C3B9 /* BaseModel.m */; };
		C34853CB1BE788E800C5C3B9 /* BaseNetManager.m in Sources */ = {isa = PBXBuildFile; fileRef = C34853CA1BE788E800C5C3B9 /* BaseNetManager.m */; };
		C34853CE1BE7893C00C5C3B9 /* NSString+WR.m in Sources */ = {isa = PBXBuildFile; fileRef = C34853CD1BE7893C00C5C3B9 /* NSString+WR.m */; };
		C34853D11BE7897000C5C3B9 /* UIBarButtonItem+item.m in Sources */ = {isa = PBXBuildFile; fileRef = C34853D01BE7897000C5C3B9 /* UIBarButtonItem+item.m */; };
/* End PBXBuildFile section */

/* Begin PBXFileReference section */
		3879FE801BDFA8E100A99990 /* libsqlite3.0.tbd */ = {isa = PBXFileReference; lastKnownFileType = "sourcecode.text-based-dylib-definition"; name = libsqlite3.0.tbd; path = usr/lib/libsqlite3.0.tbd; sourceTree = SDKROOT; };
		3886C0931BD748830014E661 /* BaseProject.app */ = {isa = PBXFileReference; explicitFileType = wrapper.application; includeInIndex = 0; path = BaseProject.app; sourceTree = BUILT_PRODUCTS_DIR; };
		38AC6F531BE2168000921D10 /* AVFoundation.framework */ = {isa = PBXFileReference; lastKnownFileType = wrapper.framework; name = AVFoundation.framework; path = System/Library/Frameworks/AVFoundation.framework; sourceTree = SDKROOT; };
		4329DABFE5AD654FE71597C9 /* Pods-BaseProject.debug.xcconfig */ = {isa = PBXFileReference; includeInIndex = 1; lastKnownFileType = text.xcconfig; name = "Pods-BaseProject.debug.xcconfig"; path = "Pods/Target Support Files/Pods-BaseProject/Pods-BaseProject.debug.xcconfig"; sourceTree = "<group>"; };
		5EAAD623A23724C816F8DC02 /* libPods-BaseProject.a */ = {isa = PBXFileReference; explicitFileType = archive.ar; includeInIndex = 0; path = "libPods-BaseProject.a"; sourceTree = BUILT_PRODUCTS_DIR; };
		C34852D71BE75CCD00C5C3B9 /* main.m */ = {isa = PBXFileReference; fileEncoding = 4; lastKnownFileType = sourcecode.c.objc; path = main.m; sourceTree = "<group>"; };
		C34852D81BE75CCD00C5C3B9 /* Main.storyboard */ = {isa = PBXFileReference; fileEncoding = 4; lastKnownFileType = file.storyboard; path = Main.storyboard; sourceTree = "<group>"; };
		C34852DA1BE75CCD00C5C3B9 /* AppDelegate.h */ = {isa = PBXFileReference; fileEncoding = 4; lastKnownFileType = sourcecode.c.h; path = AppDelegate.h; sourceTree = "<group>"; };
		C34852DB1BE75CCD00C5C3B9 /* AppDelegate.m */ = {isa = PBXFileReference; fileEncoding = 4; lastKnownFileType = sourcecode.c.objc; path = AppDelegate.m; sourceTree = "<group>"; };
		C34852DC1BE75CCD00C5C3B9 /* Assets.xcassets */ = {isa = PBXFileReference; lastKnownFileType = folder.assetcatalog; path = Assets.xcassets; sourceTree = "<group>"; };
		C34852DE1BE75CCD00C5C3B9 /* AppDelegate+Category.h */ = {isa = PBXFileReference; fileEncoding = 4; lastKnownFileType = sourcecode.c.h; path = "AppDelegate+Category.h"; sourceTree = "<group>"; };
		C34852DF1BE75CCD00C5C3B9 /* AppDelegate+Category.m */ = {isa = PBXFileReference; fileEncoding = 4; lastKnownFileType = sourcecode.c.objc; path = "AppDelegate+Category.m"; sourceTree = "<group>"; };
		C34852E01BE75CCD00C5C3B9 /* NSObject+Common (macPro).m */ = {isa = PBXFileReference; fileEncoding = 4; lastKnownFileType = sourcecode.c.objc; path = "NSObject+Common (macPro).m"; sourceTree = "<group>"; };
		C34852E11BE75CCD00C5C3B9 /* NSObject+Common.h */ = {isa = PBXFileReference; fileEncoding = 4; lastKnownFileType = sourcecode.c.h; path = "NSObject+Common.h"; sourceTree = "<group>"; };
		C34852E21BE75CCD00C5C3B9 /* NSObject+Common.m */ = {isa = PBXFileReference; fileEncoding = 4; lastKnownFileType = sourcecode.c.objc; path = "NSObject+Common.m"; sourceTree = "<group>"; };
		C34852E31BE75CCD00C5C3B9 /* NSString+PJR.h */ = {isa = PBXFileReference; fileEncoding = 4; lastKnownFileType = sourcecode.c.h; path = "NSString+PJR.h"; sourceTree = "<group>"; };
		C34852E41BE75CCD00C5C3B9 /* NSString+PJR.m */ = {isa = PBXFileReference; fileEncoding = 4; lastKnownFileType = sourcecode.c.objc; path = "NSString+PJR.m"; sourceTree = "<group>"; };
		C34852E51BE75CCD00C5C3B9 /* NSString+QRCode.h */ = {isa = PBXFileReference; fileEncoding = 4; lastKnownFileType = sourcecode.c.h; path = "NSString+QRCode.h"; sourceTree = "<group>"; };
		C34852E61BE75CCD00C5C3B9 /* NSString+QRCode.m */ = {isa = PBXFileReference; fileEncoding = 4; lastKnownFileType = sourcecode.c.objc; path = "NSString+QRCode.m"; sourceTree = "<group>"; };
		C34852E81BE75CCD00C5C3B9 /* Constants.h */ = {isa = PBXFileReference; fileEncoding = 4; lastKnownFileType = sourcecode.c.h; path = Constants.h; sourceTree = "<group>"; };
		C34852E91BE75CCD00C5C3B9 /* Info.plist */ = {isa = PBXFileReference; fileEncoding = 4; lastKnownFileType = text.plist.xml; path = Info.plist; sourceTree = "<group>"; };
		C34852EA1BE75CCD00C5C3B9 /* LaunchScreen.xib */ = {isa = PBXFileReference; fileEncoding = 4; lastKnownFileType = file.xib; path = LaunchScreen.xib; sourceTree = "<group>"; };
		C34852EB1BE75CCD00C5C3B9 /* PrefixHeader.pch */ = {isa = PBXFileReference; fileEncoding = 4; lastKnownFileType = sourcecode.c.h; path = PrefixHeader.pch; sourceTree = "<group>"; };
		C34853071BE760FA00C5C3B9 /* Images.xcassets */ = {isa = PBXFileReference; lastKnownFileType = folder.assetcatalog; path = Images.xcassets; sourceTree = "<group>"; };
		C348530B1BE7617500C5C3B9 /* WRDiscoverViewController.h */ = {isa = PBXFileReference; fileEncoding = 4; lastKnownFileType = sourcecode.c.h; path = WRDiscoverViewController.h; sourceTree = "<group>"; };
		C348530C1BE7617500C5C3B9 /* WRDiscoverViewController.m */ = {isa = PBXFileReference; fileEncoding = 4; lastKnownFileType = sourcecode.c.objc; path = WRDiscoverViewController.m; sourceTree = "<group>"; };
		C34853101BE7617500C5C3B9 /* WRSearchBar.h */ = {isa = PBXFileReference; fileEncoding = 4; lastKnownFileType = sourcecode.c.h; path = WRSearchBar.h; sourceTree = "<group>"; };
		C34853111BE7617500C5C3B9 /* WRSearchBar.m */ = {isa = PBXFileReference; fileEncoding = 4; lastKnownFileType = sourcecode.c.objc; path = WRSearchBar.m; sourceTree = "<group>"; };
		C34853151BE7617500C5C3B9 /* WRHomeViewController.h */ = {isa = PBXFileReference; fileEncoding = 4; lastKnownFileType = sourcecode.c.h; path = WRHomeViewController.h; sourceTree = "<group>"; };
		C34853161BE7617500C5C3B9 /* WRHomeViewController.m */ = {isa = PBXFileReference; fileEncoding = 4; lastKnownFileType = sourcecode.c.objc; path = WRHomeViewController.m; sourceTree = "<group>"; };
		C34853171BE7617500C5C3B9 /* WROneViewController.h */ = {isa = PBXFileReference; fileEncoding = 4; lastKnownFileType = sourcecode.c.h; path = WROneViewController.h; sourceTree = "<group>"; };
		C34853181BE7617500C5C3B9 /* WROneViewController.m */ = {isa = PBXFileReference; fileEncoding = 4; lastKnownFileType = sourcecode.c.objc; path = WROneViewController.m; sourceTree = "<group>"; };
		C348531A1BE7617500C5C3B9 /* StatusModel.h */ = {isa = PBXFileReference; fileEncoding = 4; lastKnownFileType = sourcecode.c.h; path = StatusModel.h; sourceTree = "<group>"; };
		C348531B1BE7617500C5C3B9 /* StatusModel.m */ = {isa = PBXFileReference; fileEncoding = 4; lastKnownFileType = sourcecode.c.objc; path = StatusModel.m; sourceTree = "<group>"; };
		C348531D1BE7617500C5C3B9 /* StatusNetManager.h */ = {isa = PBXFileReference; fileEncoding = 4; lastKnownFileType = sourcecode.c.h; path = StatusNetManager.h; sourceTree = "<group>"; };
		C348531E1BE7617500C5C3B9 /* StatusNetManager.m */ = {isa = PBXFileReference; fileEncoding = 4; lastKnownFileType = sourcecode.c.objc; path = StatusNetManager.m; sourceTree = "<group>"; };
		C34853211BE7617500C5C3B9 /* WROriginalView.h */ = {isa = PBXFileReference; fileEncoding = 4; lastKnownFileType = sourcecode.c.h; path = WROriginalView.h; sourceTree = "<group>"; };
		C34853221BE7617500C5C3B9 /* WROriginalView.m */ = {isa = PBXFileReference; fileEncoding = 4; lastKnownFileType = sourcecode.c.objc; path = WROriginalView.m; sourceTree = "<group>"; };
		C34853231BE7617500C5C3B9 /* WRPhotosView.h */ = {isa = PBXFileReference; fileEncoding = 4; lastKnownFileType = sourcecode.c.h; path = WRPhotosView.h; sourceTree = "<group>"; };
		C34853241BE7617500C5C3B9 /* WRPhotosView.m */ = {isa = PBXFileReference; fileEncoding = 4; lastKnownFileType = sourcecode.c.objc; path = WRPhotosView.m; sourceTree = "<group>"; };
		C34853251BE7617500C5C3B9 /* WRPhotoView.h */ = {isa = PBXFileReference; fileEncoding = 4; lastKnownFileType = sourcecode.c.h; path = WRPhotoView.h; sourceTree = "<group>"; };
		C34853261BE7617500C5C3B9 /* WRPhotoView.m */ = {isa = PBXFileReference; fileEncoding = 4; lastKnownFileType = sourcecode.c.objc; path = WRPhotoView.m; sourceTree = "<group>"; };
		C34853271BE7617500C5C3B9 /* WRRetweetView.h */ = {isa = PBXFileReference; fileEncoding = 4; lastKnownFileType = sourcecode.c.h; path = WRRetweetView.h; sourceTree = "<group>"; };
		C34853281BE7617500C5C3B9 /* WRRetweetView.m */ = {isa = PBXFileReference; fileEncoding = 4; lastKnownFileType = sourcecode.c.objc; path = WRRetweetView.m; sourceTree = "<group>"; };
		C34853291BE7617500C5C3B9 /* WRStatusToolView.h */ = {isa = PBXFileReference; fileEncoding = 4; lastKnownFileType = sourcecode.c.h; path = WRStatusToolView.h; sourceTree = "<group>"; };
		C348532A1BE7617500C5C3B9 /* WRStatusToolView.m */ = {isa = PBXFileReference; fileEncoding = 4; lastKnownFileType = sourcecode.c.objc; path = WRStatusToolView.m; sourceTree = "<group>"; };
		C348532B1BE7617500C5C3B9 /* StatusCell.h */ = {isa = PBXFileReference; fileEncoding = 4; lastKnownFileType = sourcecode.c.h; path = StatusCell.h; sourceTree = "<group>"; };
		C348532C1BE7617500C5C3B9 /* StatusCell.m */ = {isa = PBXFileReference; fileEncoding = 4; lastKnownFileType = sourcecode.c.objc; path = StatusCell.m; sourceTree = "<group>"; };
		C348532D1BE7617500C5C3B9 /* WRCover.h */ = {isa = PBXFileReference; fileEncoding = 4; lastKnownFileType = sourcecode.c.h; path = WRCover.h; sourceTree = "<group>"; };
		C348532E1BE7617500C5C3B9 /* WRCover.m */ = {isa = PBXFileReference; fileEncoding = 4; lastKnownFileType = sourcecode.c.objc; path = WRCover.m; sourceTree = "<group>"; };
		C348532F1BE7617500C5C3B9 /* WRPopMenu.h */ = {isa = PBXFileReference; fileEncoding = 4; lastKnownFileType = sourcecode.c.h; path = WRPopMenu.h; sourceTree = "<group>"; };
		C34853301BE7617500C5C3B9 /* WRPopMenu.m */ = {isa = PBXFileReference; fileEncoding = 4; lastKnownFileType = sourcecode.c.objc; path = WRPopMenu.m; sourceTree = "<group>"; };
		C34853311BE7617500C5C3B9 /* WRTitleButton.h */ = {isa = PBXFileReference; fileEncoding = 4; lastKnownFileType = sourcecode.c.h; path = WRTitleButton.h; sourceTree = "<group>"; };
		C34853321BE7617500C5C3B9 /* WRTitleButton.m */ = {isa = PBXFileReference; fileEncoding = 4; lastKnownFileType = sourcecode.c.objc; path = WRTitleButton.m; sourceTree = "<group>"; };
		C34853341BE7617500C5C3B9 /* StatusViewModel.h */ = {isa = PBXFileReference; fileEncoding = 4; lastKnownFileType = sourcecode.c.h; path = StatusViewModel.h; sourceTree = "<group>"; };
		C34853351BE7617500C5C3B9 /* StatusViewModel.m */ = {isa = PBXFileReference; fileEncoding = 4; lastKnownFileType = sourcecode.c.objc; path = StatusViewModel.m; sourceTree = "<group>"; };
		C34853361BE7617500C5C3B9 /* WRStatusFrame.h */ = {isa = PBXFileReference; fileEncoding = 4; lastKnownFileType = sourcecode.c.h; path = WRStatusFrame.h; sourceTree = "<group>"; };
		C34853371BE7617500C5C3B9 /* WRStatusFrame.m */ = {isa = PBXFileReference; fileEncoding = 4; lastKnownFileType = sourcecode.c.objc; path = WRStatusFrame.m; sourceTree = "<group>"; };
		C348533A1BE7617500C5C3B9 /* WRMessageViewController.h */ = {isa = PBXFileReference; fileEncoding = 4; lastKnownFileType = sourcecode.c.h; path = WRMessageViewController.h; sourceTree = "<group>"; };
		C348533B1BE7617500C5C3B9 /* WRMessageViewController.m */ = {isa = PBXFileReference; fileEncoding = 4; lastKnownFileType = sourcecode.c.objc; path = WRMessageViewController.m; sourceTree = "<group>"; };
		C34853421BE7617600C5C3B9 /* WRNewFeatureViewController.h */ = {isa = PBXFileReference; fileEncoding = 4; lastKnownFileType = sourcecode.c.h; path = WRNewFeatureViewController.h; sourceTree = "<group>"; };
		C34853431BE7617600C5C3B9 /* WRNewFeatureViewController.m */ = {isa = PBXFileReference; fileEncoding = 4; lastKnownFileType = sourcecode.c.objc; path = WRNewFeatureViewController.m; sourceTree = "<group>"; };
		C34853471BE7617600C5C3B9 /* WRNewFeatureCell.h */ = {isa = PBXFileReference; fileEncoding = 4; lastKnownFileType = sourcecode.c.h; path = WRNewFeatureCell.h; sourceTree = "<group>"; };
		C34853481BE7617600C5C3B9 /* WRNewFeatureCell.m */ = {isa = PBXFileReference; fileEncoding = 4; lastKnownFileType = sourcecode.c.objc; path = WRNewFeatureCell.m; sourceTree = "<group>"; };
		C348534C1BE7617600C5C3B9 /* WRProfileViewController.h */ = {isa = PBXFileReference; fileEncoding = 4; lastKnownFileType = sourcecode.c.h; path = WRProfileViewController.h; sourceTree = "<group>"; };
		C348534D1BE7617600C5C3B9 /* WRProfileViewController.m */ = {isa = PBXFileReference; fileEncoding = 4; lastKnownFileType = sourcecode.c.objc; path = WRProfileViewController.m; sourceTree = "<group>"; };
		C34853541BE7617600C5C3B9 /* WRQAuthViewController.h */ = {isa = PBXFileReference; fileEncoding = 4; lastKnownFileType = sourcecode.c.h; path = WRQAuthViewController.h; sourceTree = "<group>"; };
		C34853551BE7617600C5C3B9 /* WRQAuthViewController.m */ = {isa = PBXFileReference; fileEncoding = 4; lastKnownFileType = sourcecode.c.objc; path = WRQAuthViewController.m; sourceTree = "<group>"; };
		C34853921BE786FC00C5C3B9 /* NSDate+WR.h */ = {isa = PBXFileReference; fileEncoding = 4; lastKnownFileType = sourcecode.c.h; path = "NSDate+WR.h"; sourceTree = "<group>"; };
		C34853931BE786FC00C5C3B9 /* NSDate+WR.m */ = {isa = PBXFileReference; fileEncoding = 4; lastKnownFileType = sourcecode.c.objc; path = "NSDate+WR.m"; sourceTree = "<group>"; };
		C34853951BE7874600C5C3B9 /* UIView+Extension.h */ = {isa = PBXFileReference; fileEncoding = 4; lastKnownFileType = sourcecode.c.h; path = "UIView+Extension.h"; sourceTree = "<group>"; };
		C34853961BE7874600C5C3B9 /* UIView+Extension.m */ = {isa = PBXFileReference; fileEncoding = 4; lastKnownFileType = sourcecode.c.objc; path = "UIView+Extension.m"; sourceTree = "<group>"; };
		C34853981BE7879000C5C3B9 /* UIImage+Extension.h */ = {isa = PBXFileReference; fileEncoding = 4; lastKnownFileType = sourcecode.c.h; path = "UIImage+Extension.h"; sourceTree = "<group>"; };
		C34853991BE7879000C5C3B9 /* UIImage+Extension.m */ = {isa = PBXFileReference; fileEncoding = 4; lastKnownFileType = sourcecode.c.objc; path = "UIImage+Extension.m"; sourceTree = "<group>"; };
		C348539C1BE787C600C5C3B9 /* WRNavigationController.h */ = {isa = PBXFileReference; fileEncoding = 4; lastKnownFileType = sourcecode.c.h; path = WRNavigationController.h; sourceTree = "<group>"; };
		C348539D1BE787C600C5C3B9 /* WRNavigationController.m */ = {isa = PBXFileReference; fileEncoding = 4; lastKnownFileType = sourcecode.c.objc; path = WRNavigationController.m; sourceTree = "<group>"; };
		C348539E1BE787C600C5C3B9 /* WRTabBarController.h */ = {isa = PBXFileReference; fileEncoding = 4; lastKnownFileType = sourcecode.c.h; path = WRTabBarController.h; sourceTree = "<group>"; };
		C348539F1BE787C600C5C3B9 /* WRTabBarController.m */ = {isa = PBXFileReference; fileEncoding = 4; lastKnownFileType = sourcecode.c.objc; path = WRTabBarController.m; sourceTree = "<group>"; };
		C34853A11BE787C600C5C3B9 /* WRBadgeView.h */ = {isa = PBXFileReference; fileEncoding = 4; lastKnownFileType = sourcecode.c.h; path = WRBadgeView.h; sourceTree = "<group>"; };
		C34853A21BE787C600C5C3B9 /* WRBadgeView.m */ = {isa = PBXFileReference; fileEncoding = 4; lastKnownFileType = sourcecode.c.objc; path = WRBadgeView.m; sourceTree = "<group>"; };
		C34853A31BE787C600C5C3B9 /* WRTabBar.h */ = {isa = PBXFileReference; fileEncoding = 4; lastKnownFileType = sourcecode.c.h; path = WRTabBar.h; sourceTree = "<group>"; };
		C34853A41BE787C600C5C3B9 /* WRTabBar.m */ = {isa = PBXFileReference; fileEncoding = 4; lastKnownFileType = sourcecode.c.objc; path = WRTabBar.m; sourceTree = "<group>"; };
		C34853A51BE787C600C5C3B9 /* WRTabBarButton.h */ = {isa = PBXFileReference; fileEncoding = 4; lastKnownFileType = sourcecode.c.h; path = WRTabBarButton.h; sourceTree = "<group>"; };
		C34853A61BE787C600C5C3B9 /* WRTabBarButton.m */ = {isa = PBXFileReference; fileEncoding = 4; lastKnownFileType = sourcecode.c.objc; path = WRTabBarButton.m; sourceTree = "<group>"; };
		C34853B01BE7887C00C5C3B9 /* WRAccount.h */ = {isa = PBXFileReference; fileEncoding = 4; lastKnownFileType = sourcecode.c.h; path = WRAccount.h; sourceTree = "<group>"; };
		C34853B11BE7887C00C5C3B9 /* WRAccount.m */ = {isa = PBXFileReference; fileEncoding = 4; lastKnownFileType = sourcecode.c.objc; path = WRAccount.m; sourceTree = "<group>"; };
		C34853B21BE7887C00C5C3B9 /* WRAccountTool.h */ = {isa = PBXFileReference; fileEncoding = 4; lastKnownFileType = sourcecode.c.h; path = WRAccountTool.h; sourceTree = "<group>"; };
		C34853B31BE7887C00C5C3B9 /* WRAccountTool.m */ = {isa = PBXFileReference; fileEncoding = 4; lastKnownFileType = sourcecode.c.objc; path = WRAccountTool.m; sourceTree = "<group>"; };
		C34853B71BE7887C00C5C3B9 /* WRRootTool.h */ = {isa = PBXFileReference; fileEncoding = 4; lastKnownFileType = sourcecode.c.h; path = WRRootTool.h; sourceTree = "<group>"; };
		C34853B81BE7887C00C5C3B9 /* WRRootTool.m */ = {isa = PBXFileReference; fileEncoding = 4; lastKnownFileType = sourcecode.c.objc; path = WRRootTool.m; sourceTree = "<group>"; };
		C34853BC1BE7887C00C5C3B9 /* UserResult.h */ = {isa = PBXFileReference; fileEncoding = 4; lastKnownFileType = sourcecode.c.h; path = UserResult.h; sourceTree = "<group>"; };
		C34853BD1BE7887C00C5C3B9 /* UserResult.m */ = {isa = PBXFileReference; fileEncoding = 4; lastKnownFileType = sourcecode.c.objc; path = UserResult.m; sourceTree = "<group>"; };
		C34853BE1BE7887C00C5C3B9 /* WRUserTool.h */ = {isa = PBXFileReference; fileEncoding = 4; lastKnownFileType = sourcecode.c.h; path = WRUserTool.h; sourceTree = "<group>"; };
		C34853BF1BE7887C00C5C3B9 /* WRUserTool.m */ = {isa = PBXFileReference; fileEncoding = 4; lastKnownFileType = sourcecode.c.objc; path = WRUserTool.m; sourceTree = "<group>"; };
		C34853C61BE788CC00C5C3B9 /* BaseModel.h */ = {isa = PBXFileReference; fileEncoding = 4; lastKnownFileType = sourcecode.c.h; path = BaseModel.h; sourceTree = "<group>"; };
		C34853C71BE788CC00C5C3B9 /* BaseModel.m */ = {isa = PBXFileReference; fileEncoding = 4; lastKnownFileType = sourcecode.c.objc; path = BaseModel.m; sourceTree = "<group>"; };
		C34853C91BE788E800C5C3B9 /* BaseNetManager.h */ = {isa = PBXFileReference; fileEncoding = 4; lastKnownFileType = sourcecode.c.h; path = BaseNetManager.h; sourceTree = "<group>"; };
		C34853CA1BE788E800C5C3B9 /* BaseNetManager.m */ = {isa = PBXFileReference; fileEncoding = 4; lastKnownFileType = sourcecode.c.objc; path = BaseNetManager.m; sourceTree = "<group>"; };
		C34853CC1BE7893C00C5C3B9 /* NSString+WR.h */ = {isa = PBXFileReference; fileEncoding = 4; lastKnownFileType = sourcecode.c.h; path = "NSString+WR.h"; sourceTree = "<group>"; };
		C34853CD1BE7893C00C5C3B9 /* NSString+WR.m */ = {isa = PBXFileReference; fileEncoding = 4; lastKnownFileType = sourcecode.c.objc; path = "NSString+WR.m"; sourceTree = "<group>"; };
		C34853CF1BE7897000C5C3B9 /* UIBarButtonItem+item.h */ = {isa = PBXFileReference; fileEncoding = 4; lastKnownFileType = sourcecode.c.h; path = "UIBarButtonItem+item.h"; sourceTree = "<group>"; };
		C34853D01BE7897000C5C3B9 /* UIBarButtonItem+item.m */ = {isa = PBXFileReference; fileEncoding = 4; lastKnownFileType = sourcecode.c.objc; path = "UIBarButtonItem+item.m"; sourceTree = "<group>"; };
		DD4F0750B5DAAA87BA236B31 /* Pods-BaseProject.release.xcconfig */ = {isa = PBXFileReference; includeInIndex = 1; lastKnownFileType = text.xcconfig; name = "Pods-BaseProject.release.xcconfig"; path = "Pods/Target Support Files/Pods-BaseProject/Pods-BaseProject.release.xcconfig"; sourceTree = "<group>"; };
/* End PBXFileReference section */

/* Begin PBXFrameworksBuildPhase section */
		3886C0901BD748830014E661 /* Frameworks */ = {
			isa = PBXFrameworksBuildPhase;
			buildActionMask = 2147483647;
			files = (
				38AC6F541BE2168000921D10 /* AVFoundation.framework in Frameworks */,
				3879FE811BDFA8E100A99990 /* libsqlite3.0.tbd in Frameworks */,
				1FACF87C97D68F953ECE365C /* libPods-BaseProject.a in Frameworks */,
			);
			runOnlyForDeploymentPostprocessing = 0;
		};
/* End PBXFrameworksBuildPhase section */

/* Begin PBXGroup section */
		3886C08A1BD748830014E661 = {
			isa = PBXGroup;
			children = (
				3886C0951BD748830014E661 /* BaseProject */,
				3886C0941BD748830014E661 /* Products */,
				DEB62B47C560AA65E07ECFA4 /* Pods */,
				FA3445AEA3874C1D4FE61EAF /* Frameworks */,
			);
			sourceTree = "<group>";
		};
		3886C0941BD748830014E661 /* Products */ = {
			isa = PBXGroup;
			children = (
				3886C0931BD748830014E661 /* BaseProject.app */,
			);
			name = Products;
			sourceTree = "<group>";
		};
		3886C0951BD748830014E661 /* BaseProject */ = {
			isa = PBXGroup;
			children = (
				C34852EC1BE75CCD00C5C3B9 /* Tool */,
				C34853091BE7617500C5C3B9 /* Discover(发现) */,
				C34853131BE7617500C5C3B9 /* Home(主页) */,
				C34853381BE7617500C5C3B9 /* Message(消息) */,
				C34853401BE7617500C5C3B9 /* NewFeature(新特性) */,
				C348534A1BE7617600C5C3B9 /* Profile(我) */,
				C34853521BE7617600C5C3B9 /* QAuth(授权) */,
				C34852D61BE75CCD00C5C3B9 /* Main */,
				C34852D91BE75CCD00C5C3B9 /* Other */,
			);
			path = BaseProject;
			sourceTree = "<group>";
		};
		C34852D61BE75CCD00C5C3B9 /* Main */ = {
			isa = PBXGroup;
			children = (
				C348539B1BE787C600C5C3B9 /* Controller */,
				C34853A01BE787C600C5C3B9 /* View */,
				C34853A71BE787C600C5C3B9 /* ViewModel */,
				C34852D71BE75CCD00C5C3B9 /* main.m */,
				C34852D81BE75CCD00C5C3B9 /* Main.storyboard */,
			);
			path = Main;
			sourceTree = "<group>";
		};
		C34852D91BE75CCD00C5C3B9 /* Other */ = {
			isa = PBXGroup;
			children = (
				C34852DA1BE75CCD00C5C3B9 /* AppDelegate.h */,
				C34852DB1BE75CCD00C5C3B9 /* AppDelegate.m */,
				C34852DC1BE75CCD00C5C3B9 /* Assets.xcassets */,
				C34852DD1BE75CCD00C5C3B9 /* Category */,
				C34852E71BE75CCD00C5C3B9 /* Define */,
				C34852E91BE75CCD00C5C3B9 /* Info.plist */,
				C34852EA1BE75CCD00C5C3B9 /* LaunchScreen.xib */,
				C34852EB1BE75CCD00C5C3B9 /* PrefixHeader.pch */,
				C34853071BE760FA00C5C3B9 /* Images.xcassets */,
			);
			path = Other;
			sourceTree = "<group>";
		};
		C34852DD1BE75CCD00C5C3B9 /* Category */ = {
			isa = PBXGroup;
			children = (
				C34853CF1BE7897000C5C3B9 /* UIBarButtonItem+item.h */,
				C34853D01BE7897000C5C3B9 /* UIBarButtonItem+item.m */,
				C34853CC1BE7893C00C5C3B9 /* NSString+WR.h */,
				C34853CD1BE7893C00C5C3B9 /* NSString+WR.m */,
				C34853921BE786FC00C5C3B9 /* NSDate+WR.h */,
				C34853931BE786FC00C5C3B9 /* NSDate+WR.m */,
				C34852DE1BE75CCD00C5C3B9 /* AppDelegate+Category.h */,
				C34852DF1BE75CCD00C5C3B9 /* AppDelegate+Category.m */,
				C34852E01BE75CCD00C5C3B9 /* NSObject+Common (macPro).m */,
				C34852E11BE75CCD00C5C3B9 /* NSObject+Common.h */,
				C34852E21BE75CCD00C5C3B9 /* NSObject+Common.m */,
				C34852E31BE75CCD00C5C3B9 /* NSString+PJR.h */,
				C34852E41BE75CCD00C5C3B9 /* NSString+PJR.m */,
				C34852E51BE75CCD00C5C3B9 /* NSString+QRCode.h */,
				C34852E61BE75CCD00C5C3B9 /* NSString+QRCode.m */,
				C34853951BE7874600C5C3B9 /* UIView+Extension.h */,
				C34853961BE7874600C5C3B9 /* UIView+Extension.m */,
				C34853981BE7879000C5C3B9 /* UIImage+Extension.h */,
				C34853991BE7879000C5C3B9 /* UIImage+Extension.m */,
			);
			path = Category;
			sourceTree = "<group>";
		};
		C34852E71BE75CCD00C5C3B9 /* Define */ = {
			isa = PBXGroup;
			children = (
				C34852E81BE75CCD00C5C3B9 /* Constants.h */,
			);
			path = Define;
			sourceTree = "<group>";
		};
		C34852EC1BE75CCD00C5C3B9 /* Tool */ = {
			isa = PBXGroup;
			children = (
				C34853AD1BE7887C00C5C3B9 /* Account(判断是否授权) */,
				C34853B41BE7887C00C5C3B9 /* Model */,
				C34853B51BE7887C00C5C3B9 /* NetManager */,
				C34853B61BE7887C00C5C3B9 /* Root(根选择器) */,
				C34853B91BE7887C00C5C3B9 /* User */,
				C34853C01BE7887C00C5C3B9 /* ViewModel */,
			);
			path = Tool;
			sourceTree = "<group>";
		};
		C34853091BE7617500C5C3B9 /* Discover(发现) */ = {
			isa = PBXGroup;
			children = (
				C348530A1BE7617500C5C3B9 /* Controller */,
				C348530D1BE7617500C5C3B9 /* Model */,
				C348530E1BE7617500C5C3B9 /* NetManager */,
				C348530F1BE7617500C5C3B9 /* View */,
				C34853121BE7617500C5C3B9 /* ViewModel */,
			);
			path = "Discover(发现)";
			sourceTree = "<group>";
		};
		C348530A1BE7617500C5C3B9 /* Controller */ = {
			isa = PBXGroup;
			children = (
				C348530B1BE7617500C5C3B9 /* WRDiscoverViewController.h */,
				C348530C1BE7617500C5C3B9 /* WRDiscoverViewController.m */,
			);
			path = Controller;
			sourceTree = "<group>";
		};
		C348530D1BE7617500C5C3B9 /* Model */ = {
			isa = PBXGroup;
			children = (
			);
			path = Model;
			sourceTree = "<group>";
		};
		C348530E1BE7617500C5C3B9 /* NetManager */ = {
			isa = PBXGroup;
			children = (
			);
			path = NetManager;
			sourceTree = "<group>";
		};
		C348530F1BE7617500C5C3B9 /* View */ = {
			isa = PBXGroup;
			children = (
				C34853101BE7617500C5C3B9 /* WRSearchBar.h */,
				C34853111BE7617500C5C3B9 /* WRSearchBar.m */,
			);
			path = View;
			sourceTree = "<group>";
		};
		C34853121BE7617500C5C3B9 /* ViewModel */ = {
			isa = PBXGroup;
			children = (
			);
			path = ViewModel;
			sourceTree = "<group>";
		};
		C34853131BE7617500C5C3B9 /* Home(主页) */ = {
			isa = PBXGroup;
			children = (
				C34853141BE7617500C5C3B9 /* Controller */,
				C34853191BE7617500C5C3B9 /* Model */,
				C348531C1BE7617500C5C3B9 /* NetManager */,
				C348531F1BE7617500C5C3B9 /* View */,
				C34853331BE7617500C5C3B9 /* ViewModel */,
			);
			path = "Home(主页)";
			sourceTree = "<group>";
		};
		C34853141BE7617500C5C3B9 /* Controller */ = {
			isa = PBXGroup;
			children = (
				C34853151BE7617500C5C3B9 /* WRHomeViewController.h */,
				C34853161BE7617500C5C3B9 /* WRHomeViewController.m */,
				C34853171BE7617500C5C3B9 /* WROneViewController.h */,
				C34853181BE7617500C5C3B9 /* WROneViewController.m */,
			);
			path = Controller;
			sourceTree = "<group>";
		};
		C34853191BE7617500C5C3B9 /* Model */ = {
			isa = PBXGroup;
			children = (
				C348531A1BE7617500C5C3B9 /* StatusModel.h */,
				C348531B1BE7617500C5C3B9 /* StatusModel.m */,
			);
			path = Model;
			sourceTree = "<group>";
		};
		C348531C1BE7617500C5C3B9 /* NetManager */ = {
			isa = PBXGroup;
			children = (
				C348531D1BE7617500C5C3B9 /* StatusNetManager.h */,
				C348531E1BE7617500C5C3B9 /* StatusNetManager.m */,
			);
			path = NetManager;
			sourceTree = "<group>";
		};
		C348531F1BE7617500C5C3B9 /* View */ = {
			isa = PBXGroup;
			children = (
				C34853201BE7617500C5C3B9 /* Cell */,
				C348532B1BE7617500C5C3B9 /* StatusCell.h */,
				C348532C1BE7617500C5C3B9 /* StatusCell.m */,
				C348532D1BE7617500C5C3B9 /* WRCover.h */,
				C348532E1BE7617500C5C3B9 /* WRCover.m */,
				C348532F1BE7617500C5C3B9 /* WRPopMenu.h */,
				C34853301BE7617500C5C3B9 /* WRPopMenu.m */,
				C34853311BE7617500C5C3B9 /* WRTitleButton.h */,
				C34853321BE7617500C5C3B9 /* WRTitleButton.m */,
			);
			path = View;
			sourceTree = "<group>";
		};
		C34853201BE7617500C5C3B9 /* Cell */ = {
			isa = PBXGroup;
			children = (
				C34853211BE7617500C5C3B9 /* WROriginalView.h */,
				C34853221BE7617500C5C3B9 /* WROriginalView.m */,
				C34853231BE7617500C5C3B9 /* WRPhotosView.h */,
				C34853241BE7617500C5C3B9 /* WRPhotosView.m */,
				C34853251BE7617500C5C3B9 /* WRPhotoView.h */,
				C34853261BE7617500C5C3B9 /* WRPhotoView.m */,
				C34853271BE7617500C5C3B9 /* WRRetweetView.h */,
				C34853281BE7617500C5C3B9 /* WRRetweetView.m */,
				C34853291BE7617500C5C3B9 /* WRStatusToolView.h */,
				C348532A1BE7617500C5C3B9 /* WRStatusToolView.m */,
			);
			path = Cell;
			sourceTree = "<group>";
		};
		C34853331BE7617500C5C3B9 /* ViewModel */ = {
			isa = PBXGroup;
			children = (
				C34853341BE7617500C5C3B9 /* StatusViewModel.h */,
				C34853351BE7617500C5C3B9 /* StatusViewModel.m */,
				C34853361BE7617500C5C3B9 /* WRStatusFrame.h */,
				C34853371BE7617500C5C3B9 /* WRStatusFrame.m */,
			);
			path = ViewModel;
			sourceTree = "<group>";
		};
		C34853381BE7617500C5C3B9 /* Message(消息) */ = {
			isa = PBXGroup;
			children = (
				C34853391BE7617500C5C3B9 /* Controller */,
				C348533C1BE7617500C5C3B9 /* Model */,
				C348533D1BE7617500C5C3B9 /* NetManager */,
				C348533E1BE7617500C5C3B9 /* View */,
				C348533F1BE7617500C5C3B9 /* ViewModel */,
			);
			path = "Message(消息)";
			sourceTree = "<group>";
		};
		C34853391BE7617500C5C3B9 /* Controller */ = {
			isa = PBXGroup;
			children = (
				C348533A1BE7617500C5C3B9 /* WRMessageViewController.h */,
				C348533B1BE7617500C5C3B9 /* WRMessageViewController.m */,
			);
			path = Controller;
			sourceTree = "<group>";
		};
		C348533C1BE7617500C5C3B9 /* Model */ = {
			isa = PBXGroup;
			children = (
			);
			path = Model;
			sourceTree = "<group>";
		};
		C348533D1BE7617500C5C3B9 /* NetManager */ = {
			isa = PBXGroup;
			children = (
			);
			path = NetManager;
			sourceTree = "<group>";
		};
		C348533E1BE7617500C5C3B9 /* View */ = {
			isa = PBXGroup;
			children = (
			);
			path = View;
			sourceTree = "<group>";
		};
		C348533F1BE7617500C5C3B9 /* ViewModel */ = {
			isa = PBXGroup;
			children = (
			);
			path = ViewModel;
			sourceTree = "<group>";
		};
		C34853401BE7617500C5C3B9 /* NewFeature(新特性) */ = {
			isa = PBXGroup;
			children = (
				C34853411BE7617600C5C3B9 /* Controller */,
				C34853441BE7617600C5C3B9 /* Model */,
				C34853451BE7617600C5C3B9 /* NetManager */,
				C34853461BE7617600C5C3B9 /* View */,
				C34853491BE7617600C5C3B9 /* ViewModel */,
			);
			path = "NewFeature(新特性)";
			sourceTree = "<group>";
		};
		C34853411BE7617600C5C3B9 /* Controller */ = {
			isa = PBXGroup;
			children = (
				C34853421BE7617600C5C3B9 /* WRNewFeatureViewController.h */,
				C34853431BE7617600C5C3B9 /* WRNewFeatureViewController.m */,
			);
			path = Controller;
			sourceTree = "<group>";
		};
		C34853441BE7617600C5C3B9 /* Model */ = {
			isa = PBXGroup;
			children = (
			);
			path = Model;
			sourceTree = "<group>";
		};
		C34853451BE7617600C5C3B9 /* NetManager */ = {
			isa = PBXGroup;
			children = (
			);
			path = NetManager;
			sourceTree = "<group>";
		};
		C34853461BE7617600C5C3B9 /* View */ = {
			isa = PBXGroup;
			children = (
				C34853471BE7617600C5C3B9 /* WRNewFeatureCell.h */,
				C34853481BE7617600C5C3B9 /* WRNewFeatureCell.m */,
			);
			path = View;
			sourceTree = "<group>";
		};
		C34853491BE7617600C5C3B9 /* ViewModel */ = {
			isa = PBXGroup;
			children = (
			);
			path = ViewModel;
			sourceTree = "<group>";
		};
		C348534A1BE7617600C5C3B9 /* Profile(我) */ = {
			isa = PBXGroup;
			children = (
				C348534B1BE7617600C5C3B9 /* Controller */,
				C348534E1BE7617600C5C3B9 /* Model */,
				C348534F1BE7617600C5C3B9 /* NetManager */,
				C34853501BE7617600C5C3B9 /* View */,
				C34853511BE7617600C5C3B9 /* ViewModel */,
			);
			path = "Profile(我)";
			sourceTree = "<group>";
		};
		C348534B1BE7617600C5C3B9 /* Controller */ = {
			isa = PBXGroup;
			children = (
				C348534C1BE7617600C5C3B9 /* WRProfileViewController.h */,
				C348534D1BE7617600C5C3B9 /* WRProfileViewController.m */,
			);
			path = Controller;
			sourceTree = "<group>";
		};
		C348534E1BE7617600C5C3B9 /* Model */ = {
			isa = PBXGroup;
			children = (
			);
			path = Model;
			sourceTree = "<group>";
		};
		C348534F1BE7617600C5C3B9 /* NetManager */ = {
			isa = PBXGroup;
			children = (
			);
			path = NetManager;
			sourceTree = "<group>";
		};
		C34853501BE7617600C5C3B9 /* View */ = {
			isa = PBXGroup;
			children = (
			);
			path = View;
			sourceTree = "<group>";
		};
		C34853511BE7617600C5C3B9 /* ViewModel */ = {
			isa = PBXGroup;
			children = (
			);
			path = ViewModel;
			sourceTree = "<group>";
		};
		C34853521BE7617600C5C3B9 /* QAuth(授权) */ = {
			isa = PBXGroup;
			children = (
				C34853531BE7617600C5C3B9 /* Controller */,
				C34853561BE7617600C5C3B9 /* NetManager */,
				C34853571BE7617600C5C3B9 /* View */,
				C34853581BE7617600C5C3B9 /* ViewModel */,
			);
			path = "QAuth(授权)";
			sourceTree = "<group>";
		};
		C34853531BE7617600C5C3B9 /* Controller */ = {
			isa = PBXGroup;
			children = (
				C34853541BE7617600C5C3B9 /* WRQAuthViewController.h */,
				C34853551BE7617600C5C3B9 /* WRQAuthViewController.m */,
			);
			path = Controller;
			sourceTree = "<group>";
		};
		C34853561BE7617600C5C3B9 /* NetManager */ = {
			isa = PBXGroup;
			children = (
			);
			path = NetManager;
			sourceTree = "<group>";
		};
		C34853571BE7617600C5C3B9 /* View */ = {
			isa = PBXGroup;
			children = (
			);
			path = View;
			sourceTree = "<group>";
		};
		C34853581BE7617600C5C3B9 /* ViewModel */ = {
			isa = PBXGroup;
			children = (
			);
			path = ViewModel;
			sourceTree = "<group>";
		};
		C348539B1BE787C600C5C3B9 /* Controller */ = {
			isa = PBXGroup;
			children = (
				C348539C1BE787C600C5C3B9 /* WRNavigationController.h */,
				C348539D1BE787C600C5C3B9 /* WRNavigationController.m */,
				C348539E1BE787C600C5C3B9 /* WRTabBarController.h */,
				C348539F1BE787C600C5C3B9 /* WRTabBarController.m */,
			);
			path = Controller;
			sourceTree = "<group>";
		};
		C34853A01BE787C600C5C3B9 /* View */ = {
			isa = PBXGroup;
			children = (
				C34853A11BE787C600C5C3B9 /* WRBadgeView.h */,
				C34853A21BE787C600C5C3B9 /* WRBadgeView.m */,
				C34853A31BE787C600C5C3B9 /* WRTabBar.h */,
				C34853A41BE787C600C5C3B9 /* WRTabBar.m */,
				C34853A51BE787C600C5C3B9 /* WRTabBarButton.h */,
				C34853A61BE787C600C5C3B9 /* WRTabBarButton.m */,
			);
			path = View;
			sourceTree = "<group>";
		};
		C34853A71BE787C600C5C3B9 /* ViewModel */ = {
			isa = PBXGroup;
			children = (
			);
			path = ViewModel;
			sourceTree = "<group>";
		};
		C34853AD1BE7887C00C5C3B9 /* Account(判断是否授权) */ = {
			isa = PBXGroup;
			children = (
				C34853AE1BE7887C00C5C3B9 /* params */,
				C34853AF1BE7887C00C5C3B9 /* result */,
				C34853B21BE7887C00C5C3B9 /* WRAccountTool.h */,
				C34853B31BE7887C00C5C3B9 /* WRAccountTool.m */,
			);
			path = "Account(判断是否授权)";
			sourceTree = "<group>";
		};
		C34853AE1BE7887C00C5C3B9 /* params */ = {
			isa = PBXGroup;
			children = (
			);
			path = params;
			sourceTree = "<group>";
		};
		C34853AF1BE7887C00C5C3B9 /* result */ = {
			isa = PBXGroup;
			children = (
				C34853B01BE7887C00C5C3B9 /* WRAccount.h */,
				C34853B11BE7887C00C5C3B9 /* WRAccount.m */,
			);
			path = result;
			sourceTree = "<group>";
		};
		C34853B41BE7887C00C5C3B9 /* Model */ = {
			isa = PBXGroup;
			children = (
				C34853C61BE788CC00C5C3B9 /* BaseModel.h */,
				C34853C71BE788CC00C5C3B9 /* BaseModel.m */,
			);
			path = Model;
			sourceTree = "<group>";
		};
		C34853B51BE7887C00C5C3B9 /* NetManager */ = {
			isa = PBXGroup;
			children = (
				C34853C91BE788E800C5C3B9 /* BaseNetManager.h */,
				C34853CA1BE788E800C5C3B9 /* BaseNetManager.m */,
			);
			path = NetManager;
			sourceTree = "<group>";
		};
		C34853B61BE7887C00C5C3B9 /* Root(根选择器) */ = {
			isa = PBXGroup;
			children = (
				C34853B71BE7887C00C5C3B9 /* WRRootTool.h */,
				C34853B81BE7887C00C5C3B9 /* WRRootTool.m */,
			);
			path = "Root(根选择器)";
			sourceTree = "<group>";
		};
		C34853B91BE7887C00C5C3B9 /* User */ = {
			isa = PBXGroup;
			children = (
				C34853BA1BE7887C00C5C3B9 /* Param */,
				C34853BB1BE7887C00C5C3B9 /* Result */,
				C34853BE1BE7887C00C5C3B9 /* WRUserTool.h */,
				C34853BF1BE7887C00C5C3B9 /* WRUserTool.m */,
			);
			path = User;
			sourceTree = "<group>";
		};
		C34853BA1BE7887C00C5C3B9 /* Param */ = {
			isa = PBXGroup;
			children = (
			);
			path = Param;
			sourceTree = "<group>";
		};
		C34853BB1BE7887C00C5C3B9 /* Result */ = {
			isa = PBXGroup;
			children = (
				C34853BC1BE7887C00C5C3B9 /* UserResult.h */,
				C34853BD1BE7887C00C5C3B9 /* UserResult.m */,
			);
			path = Result;
			sourceTree = "<group>";
		};
		C34853C01BE7887C00C5C3B9 /* ViewModel */ = {
			isa = PBXGroup;
			children = (
			);
			path = ViewModel;
			sourceTree = "<group>";
		};
		DEB62B47C560AA65E07ECFA4 /* Pods */ = {
			isa = PBXGroup;
			children = (
				4329DABFE5AD654FE71597C9 /* Pods-BaseProject.debug.xcconfig */,
				DD4F0750B5DAAA87BA236B31 /* Pods-BaseProject.release.xcconfig */,
			);
			name = Pods;
			sourceTree = "<group>";
		};
		FA3445AEA3874C1D4FE61EAF /* Frameworks */ = {
			isa = PBXGroup;
			children = (
				38AC6F531BE2168000921D10 /* AVFoundation.framework */,
				3879FE801BDFA8E100A99990 /* libsqlite3.0.tbd */,
				5EAAD623A23724C816F8DC02 /* libPods-BaseProject.a */,
			);
			name = Frameworks;
			sourceTree = "<group>";
		};
/* End PBXGroup section */

/* Begin PBXNativeTarget section */
		3886C0921BD748830014E661 /* BaseProject */ = {
			isa = PBXNativeTarget;
			buildConfigurationList = 3886C0AA1BD748830014E661 /* Build configuration list for PBXNativeTarget "BaseProject" */;
			buildPhases = (
				3BE2C1445115A065F15F14E8 /* Check Pods Manifest.lock */,
				3886C08F1BD748830014E661 /* Sources */,
				3886C0901BD748830014E661 /* Frameworks */,
				3886C0911BD748830014E661 /* Resources */,
				430C310E2266957577983B35 /* Embed Pods Frameworks */,
				D8E8828545C9BEB50A74CA11 /* Copy Pods Resources */,
			);
			buildRules = (
			);
			dependencies = (
			);
			name = BaseProject;
			productName = BaseProject;
			productReference = 3886C0931BD748830014E661 /* BaseProject.app */;
			productType = "com.apple.product-type.application";
		};
/* End PBXNativeTarget section */

/* Begin PBXProject section */
		3886C08B1BD748830014E661 /* Project object */ = {
			isa = PBXProject;
			attributes = {
				LastUpgradeCheck = 0700;
				ORGANIZATIONNAME = Tarena;
				TargetAttributes = {
					3886C0921BD748830014E661 = {
						CreatedOnToolsVersion = 7.0;
					};
				};
			};
			buildConfigurationList = 3886C08E1BD748830014E661 /* Build configuration list for PBXProject "BaseProject" */;
			compatibilityVersion = "Xcode 3.2";
			developmentRegion = English;
			hasScannedForEncodings = 0;
			knownRegions = (
				en,
				Base,
			);
			mainGroup = 3886C08A1BD748830014E661;
			productRefGroup = 3886C0941BD748830014E661 /* Products */;
			projectDirPath = "";
			projectRoot = "";
			targets = (
				3886C0921BD748830014E661 /* BaseProject */,
			);
		};
/* End PBXProject section */

/* Begin PBXResourcesBuildPhase section */
		3886C0911BD748830014E661 /* Resources */ = {
			isa = PBXResourcesBuildPhase;
			buildActionMask = 2147483647;
			files = (
				C34853021BE75CCD00C5C3B9 /* LaunchScreen.xib in Resources */,
				C34853081BE760FA00C5C3B9 /* Images.xcassets in Resources */,
				C34852FB1BE75CCD00C5C3B9 /* Assets.xcassets in Resources */,
				C34852F91BE75CCD00C5C3B9 /* Main.storyboard in Resources */,
			);
			runOnlyForDeploymentPostprocessing = 0;
		};
/* End PBXResourcesBuildPhase section */

/* Begin PBXShellScriptBuildPhase section */
		3BE2C1445115A065F15F14E8 /* Check Pods Manifest.lock */ = {
			isa = PBXShellScriptBuildPhase;
			buildActionMask = 2147483647;
			files = (
			);
			inputPaths = (
			);
			name = "Check Pods Manifest.lock";
			outputPaths = (
			);
			runOnlyForDeploymentPostprocessing = 0;
			shellPath = /bin/sh;
			shellScript = "diff \"${PODS_ROOT}/../Podfile.lock\" \"${PODS_ROOT}/Manifest.lock\" > /dev/null\nif [[ $? != 0 ]] ; then\n    cat << EOM\nerror: The sandbox is not in sync with the Podfile.lock. Run 'pod install' or update your CocoaPods installation.\nEOM\n    exit 1\nfi\n";
			showEnvVarsInLog = 0;
		};
		430C310E2266957577983B35 /* Embed Pods Frameworks */ = {
			isa = PBXShellScriptBuildPhase;
			buildActionMask = 2147483647;
			files = (
			);
			inputPaths = (
			);
			name = "Embed Pods Frameworks";
			outputPaths = (
			);
			runOnlyForDeploymentPostprocessing = 0;
			shellPath = /bin/sh;
			shellScript = "\"${SRCROOT}/Pods/Target Support Files/Pods-BaseProject/Pods-BaseProject-frameworks.sh\"\n";
			showEnvVarsInLog = 0;
		};
		D8E8828545C9BEB50A74CA11 /* Copy Pods Resources */ = {
			isa = PBXShellScriptBuildPhase;
			buildActionMask = 2147483647;
			files = (
			);
			inputPaths = (
			);
			name = "Copy Pods Resources";
			outputPaths = (
			);
			runOnlyForDeploymentPostprocessing = 0;
			shellPath = /bin/sh;
			shellScript = "\"${SRCROOT}/Pods/Target Support Files/Pods-BaseProject/Pods-BaseProject-resources.sh\"\n";
			showEnvVarsInLog = 0;
		};
/* End PBXShellScriptBuildPhase section */

/* Begin PBXSourcesBuildPhase section */
		3886C08F1BD748830014E661 /* Sources */ = {
			isa = PBXSourcesBuildPhase;
			buildActionMask = 2147483647;
			files = (
				C34853601BE7617600C5C3B9 /* WRPhotosView.m in Sources */,
				C34853AA1BE787C600C5C3B9 /* WRBadgeView.m in Sources */,
				C348535C1BE7617600C5C3B9 /* WROneViewController.m in Sources */,
				C34853D11BE7897000C5C3B9 /* UIBarButtonItem+item.m in Sources */,
				C348535D1BE7617600C5C3B9 /* StatusModel.m in Sources */,
				C348536B1BE7617600C5C3B9 /* WRNewFeatureViewController.m in Sources */,
				C34853941BE786FC00C5C3B9 /* NSDate+WR.m in Sources */,
				C34853A91BE787C600C5C3B9 /* WRTabBarController.m in Sources */,
				C34853CE1BE7893C00C5C3B9 /* NSString+WR.m in Sources */,
				C34853611BE7617600C5C3B9 /* WRPhotoView.m in Sources */,
				C34853591BE7617600C5C3B9 /* WRDiscoverViewController.m in Sources */,
				C348536C1BE7617600C5C3B9 /* WRNewFeatureCell.m in Sources */,
				C348535E1BE7617600C5C3B9 /* StatusNetManager.m in Sources */,
				C34852FD1BE75CCD00C5C3B9 /* NSObject+Common (macPro).m in Sources */,
				C34853CB1BE788E800C5C3B9 /* BaseNetManager.m in Sources */,
				C34853AC1BE787C600C5C3B9 /* WRTabBarButton.m in Sources */,
				C34852FC1BE75CCD00C5C3B9 /* AppDelegate+Category.m in Sources */,
				C34853671BE7617600C5C3B9 /* WRTitleButton.m in Sources */,
				C34853691BE7617600C5C3B9 /* WRStatusFrame.m in Sources */,
				C348535A1BE7617600C5C3B9 /* WRSearchBar.m in Sources */,
				C348539A1BE7879000C5C3B9 /* UIImage+Extension.m in Sources */,
				C34853C81BE788CC00C5C3B9 /* BaseModel.m in Sources */,
				C34853621BE7617600C5C3B9 /* WRRetweetView.m in Sources */,
				C34853681BE7617600C5C3B9 /* StatusViewModel.m in Sources */,
				C34853AB1BE787C600C5C3B9 /* WRTabBar.m in Sources */,
				C34853651BE7617600C5C3B9 /* WRCover.m in Sources */,
				C34853A81BE787C600C5C3B9 /* WRNavigationController.m in Sources */,
				C34853C41BE7887C00C5C3B9 /* UserResult.m in Sources */,
				C34852FA1BE75CCD00C5C3B9 /* AppDelegate.m in Sources */,
				C348536A1BE7617600C5C3B9 /* WRMessageViewController.m in Sources */,
				C348535B1BE7617600C5C3B9 /* WRHomeViewController.m in Sources */,
				C34853971BE7874600C5C3B9 /* UIView+Extension.m in Sources */,
				C348536D1BE7617600C5C3B9 /* WRProfileViewController.m in Sources */,
				C348535F1BE7617600C5C3B9 /* WROriginalView.m in Sources */,
				C34853641BE7617600C5C3B9 /* StatusCell.m in Sources */,
				C34853631BE7617600C5C3B9 /* WRStatusToolView.m in Sources */,
				C34853C21BE7887C00C5C3B9 /* WRAccountTool.m in Sources */,
				C34852F81BE75CCD00C5C3B9 /* main.m in Sources */,
				C34853661BE7617600C5C3B9 /* WRPopMenu.m in Sources */,
				C34853C31BE7887C00C5C3B9 /* WRRootTool.m in Sources */,
				C34852FF1BE75CCD00C5C3B9 /* NSString+PJR.m in Sources */,
				C348536E1BE7617600C5C3B9 /* WRQAuthViewController.m in Sources */,
				C34853001BE75CCD00C5C3B9 /* NSString+QRCode.m in Sources */,
				C34853C11BE7887C00C5C3B9 /* WRAccount.m in Sources */,
				C34852FE1BE75CCD00C5C3B9 /* NSObject+Common.m in Sources */,
				C34853C51BE7887C00C5C3B9 /* WRUserTool.m in Sources */,
			);
			runOnlyForDeploymentPostprocessing = 0;
		};
/* End PBXSourcesBuildPhase section */

/* Begin XCBuildConfiguration section */
		3886C0A81BD748830014E661 /* Debug */ = {
			isa = XCBuildConfiguration;
			buildSettings = {
				ALWAYS_SEARCH_USER_PATHS = NO;
				CLANG_CXX_LANGUAGE_STANDARD = "gnu++0x";
				CLANG_CXX_LIBRARY = "libc++";
				CLANG_ENABLE_MODULES = YES;
				CLANG_ENABLE_OBJC_ARC = YES;
				CLANG_WARN_BOOL_CONVERSION = YES;
				CLANG_WARN_CONSTANT_CONVERSION = YES;
				CLANG_WARN_DIRECT_OBJC_ISA_USAGE = YES_ERROR;
				CLANG_WARN_EMPTY_BODY = YES;
				CLANG_WARN_ENUM_CONVERSION = YES;
				CLANG_WARN_INT_CONVERSION = YES;
				CLANG_WARN_OBJC_ROOT_CLASS = YES_ERROR;
				CLANG_WARN_UNREACHABLE_CODE = YES;
				CLANG_WARN__DUPLICATE_METHOD_MATCH = YES;
				"CODE_SIGN_IDENTITY[sdk=iphoneos*]" = "iPhone Developer";
				COPY_PHASE_STRIP = NO;
				DEBUG_INFORMATION_FORMAT = dwarf;
				ENABLE_STRICT_OBJC_MSGSEND = YES;
				ENABLE_TESTABILITY = YES;
				GCC_C_LANGUAGE_STANDARD = gnu99;
				GCC_DYNAMIC_NO_PIC = NO;
				GCC_NO_COMMON_BLOCKS = YES;
				GCC_OPTIMIZATION_LEVEL = 0;
				GCC_PREPROCESSOR_DEFINITIONS = (
					"DEBUG=1",
					"$(inherited)",
				);
				GCC_WARN_64_TO_32_BIT_CONVERSION = YES;
				GCC_WARN_ABOUT_RETURN_TYPE = YES_ERROR;
				GCC_WARN_UNDECLARED_SELECTOR = YES;
				GCC_WARN_UNINITIALIZED_AUTOS = YES_AGGRESSIVE;
				GCC_WARN_UNUSED_FUNCTION = YES;
				GCC_WARN_UNUSED_VARIABLE = YES;
				IPHONEOS_DEPLOYMENT_TARGET = 9.0;
				MTL_ENABLE_DEBUG_INFO = YES;
				ONLY_ACTIVE_ARCH = YES;
				SDKROOT = iphoneos;
			};
			name = Debug;
		};
		3886C0A91BD748830014E661 /* Release */ = {
			isa = XCBuildConfiguration;
			buildSettings = {
				ALWAYS_SEARCH_USER_PATHS = NO;
				CLANG_CXX_LANGUAGE_STANDARD = "gnu++0x";
				CLANG_CXX_LIBRARY = "libc++";
				CLANG_ENABLE_MODULES = YES;
				CLANG_ENABLE_OBJC_ARC = YES;
				CLANG_WARN_BOOL_CONVERSION = YES;
				CLANG_WARN_CONSTANT_CONVERSION = YES;
				CLANG_WARN_DIRECT_OBJC_ISA_USAGE = YES_ERROR;
				CLANG_WARN_EMPTY_BODY = YES;
				CLANG_WARN_ENUM_CONVERSION = YES;
				CLANG_WARN_INT_CONVERSION = YES;
				CLANG_WARN_OBJC_ROOT_CLASS = YES_ERROR;
				CLANG_WARN_UNREACHABLE_CODE = YES;
				CLANG_WARN__DUPLICATE_METHOD_MATCH = YES;
				"CODE_SIGN_IDENTITY[sdk=iphoneos*]" = "iPhone Developer";
				COPY_PHASE_STRIP = NO;
				DEBUG_INFORMATION_FORMAT = "dwarf-with-dsym";
				ENABLE_NS_ASSERTIONS = NO;
				ENABLE_STRICT_OBJC_MSGSEND = YES;
				GCC_C_LANGUAGE_STANDARD = gnu99;
				GCC_NO_COMMON_BLOCKS = YES;
				GCC_WARN_64_TO_32_BIT_CONVERSION = YES;
				GCC_WARN_ABOUT_RETURN_TYPE = YES_ERROR;
				GCC_WARN_UNDECLARED_SELECTOR = YES;
				GCC_WARN_UNINITIALIZED_AUTOS = YES_AGGRESSIVE;
				GCC_WARN_UNUSED_FUNCTION = YES;
				GCC_WARN_UNUSED_VARIABLE = YES;
				IPHONEOS_DEPLOYMENT_TARGET = 9.0;
				MTL_ENABLE_DEBUG_INFO = NO;
				SDKROOT = iphoneos;
				VALIDATE_PRODUCT = YES;
			};
			name = Release;
		};
		3886C0AB1BD748830014E661 /* Debug */ = {
			isa = XCBuildConfiguration;
			baseConfigurationReference = 4329DABFE5AD654FE71597C9 /* Pods-BaseProject.debug.xcconfig */;
			buildSettings = {
				ASSETCATALOG_COMPILER_APPICON_NAME = AppIcon;
				ASSETCATALOG_COMPILER_LAUNCHIMAGE_NAME = "Brand Assets-2";
				GCC_PREFIX_HEADER = BaseProject/Other/PrefixHeader.pch;
				INFOPLIST_FILE = "$(SRCROOT)/BaseProject/Other/Info.plist";
				IPHONEOS_DEPLOYMENT_TARGET = 7.0;
				LD_RUNPATH_SEARCH_PATHS = "$(inherited) @executable_path/Frameworks";
				PRODUCT_BUNDLE_IDENTIFIER = com.tarena.BaseProject;
				PRODUCT_NAME = "$(TARGET_NAME)";
			};
			name = Debug;
		};
		3886C0AC1BD748830014E661 /* Release */ = {
			isa = XCBuildConfiguration;
			baseConfigurationReference = DD4F0750B5DAAA87BA236B31 /* Pods-BaseProject.release.xcconfig */;
			buildSettings = {
				ASSETCATALOG_COMPILER_APPICON_NAME = AppIcon;
				ASSETCATALOG_COMPILER_LAUNCHIMAGE_NAME = "Brand Assets-2";
				GCC_PREFIX_HEADER = BaseProject/Other/PrefixHeader.pch;
				INFOPLIST_FILE = "$(SRCROOT)/BaseProject/Other/Info.plist";
				IPHONEOS_DEPLOYMENT_TARGET = 7.0;
				LD_RUNPATH_SEARCH_PATHS = "$(inherited) @executable_path/Frameworks";
				PRODUCT_BUNDLE_IDENTIFIER = com.tarena.BaseProject;
				PRODUCT_NAME = "$(TARGET_NAME)";
			};
			name = Release;
		};
/* End XCBuildConfiguration section */

/* Begin XCConfigurationList section */
		3886C08E1BD748830014E661 /* Build configuration list for PBXProject "BaseProject" */ = {
			isa = XCConfigurationList;
			buildConfigurations = (
				3886C0A81BD748830014E661 /* Debug */,
				3886C0A91BD748830014E661 /* Release */,
			);
			defaultConfigurationIsVisible = 0;
			defaultConfigurationName = Release;
		};
		3886C0AA1BD748830014E661 /* Build configuration list for PBXNativeTarget "BaseProject" */ = {
			isa = XCConfigurationList;
			buildConfigurations = (
				3886C0AB1BD748830014E661 /* Debug */,
				3886C0AC1BD748830014E661 /* Release */,
			);
			defaultConfigurationIsVisible = 0;
			defaultConfigurationName = Release;
		};
/* End XCConfigurationList section */
	};
	rootObject = 3886C08B1BD748830014E661 /* Project object */;
}
